
Microsoft Visual Studio Solution File, Format Version 12.00
# Visual Studio Version 17
VisualStudioVersion = 17.2.32616.157
MinimumVisualStudioVersion = 10.0.40219.1
Project("{FAE04EC0-301F-11D3-BF4B-00C04F79EFBC}") = "MyProductApi", "MyProductApi.csproj", "{209446DF-9C84-40AE-83BA-A6272B1C59BD}"
EndProject
Global
	GlobalSection(SolutionConfigurationPlatforms) = preSolution
		Debug|Any CPU = Debug|Any CPU
		Release|Any CPU = Release|Any CPU
	EndGlobalSection
	GlobalSection(ProjectConfigurationPlatforms) = postSolution
		{209446DF-9C84-40AE-83BA-A6272B1C59BD}.Debug|Any CPU.ActiveCfg = Debug|Any CPU
		{209446DF-9C84-40AE-83BA-A6272B1C59BD}.Debug|Any CPU.Build.0 = Debug|Any CPU
		{209446DF-9C84-40AE-83BA-A6272B1C59BD}.Release|Any CPU.ActiveCfg = Release|Any CPU
		{209446DF-9C84-40AE-83BA-A6272B1C59BD}.Release|Any CPU.Build.0 = Release|Any CPU
	EndGlobalSection
	GlobalSection(SolutionProperties) = preSolution
		HideSolutionNode = FALSE
	EndGlobalSection
	GlobalSection(ExtensibilityGlobals) = postSolution
		SolutionGuid = {621D86A7-35C9-4F85-9488-D7732332FFBB}
	EndGlobalSection
EndGlobal
